// !$*UTF8*$!
{
	archiveVersion = 1;
	classes = {
	};
	objectVersion = 46;
	objects = {

/* Begin PBXBuildFile section */
		5D37F5F81A06D51E00152D5B /* SquareShape.swift in Sources */ = {isa = PBXBuildFile; fileRef = 5D37F5F71A06D51E00152D5B /* SquareShape.swift */; };
		5D37F5FA1A082D6C00152D5B /* TShape.swift in Sources */ = {isa = PBXBuildFile; fileRef = 5D37F5F91A082D6C00152D5B /* TShape.swift */; };
		5D37F5FC1A082DCC00152D5B /* LineShape.swift in Sources */ = {isa = PBXBuildFile; fileRef = 5D37F5FB1A082DCC00152D5B /* LineShape.swift */; };
		5D37F5FE1A082DE800152D5B /* LShape.swift in Sources */ = {isa = PBXBuildFile; fileRef = 5D37F5FD1A082DE800152D5B /* LShape.swift */; };
		5D37F6001A082DFE00152D5B /* JShape.swift in Sources */ = {isa = PBXBuildFile; fileRef = 5D37F5FF1A082DFE00152D5B /* JShape.swift */; };
		5D37F6021A082E1300152D5B /* SShape.swift in Sources */ = {isa = PBXBuildFile; fileRef = 5D37F6011A082E1300152D5B /* SShape.swift */; };
		5D37F6041A082E2500152D5B /* ZShape.swift in Sources */ = {isa = PBXBuildFile; fileRef = 5D37F6031A082E2500152D5B /* ZShape.swift */; };
		5D37F6061A08318D00152D5B /* Swiftris.swift in Sources */ = {isa = PBXBuildFile; fileRef = 5D37F6051A08318D00152D5B /* Swiftris.swift */; };
		5DC15BD119FD92010059EE29 /* AppDelegate.swift in Sources */ = {isa = PBXBuildFile; fileRef = 5DC15BD019FD92010059EE29 /* AppDelegate.swift */; };
		5DC15BD519FD92010059EE29 /* GameScene.swift in Sources */ = {isa = PBXBuildFile; fileRef = 5DC15BD419FD92010059EE29 /* GameScene.swift */; };
		5DC15BD719FD92010059EE29 /* GameViewController.swift in Sources */ = {isa = PBXBuildFile; fileRef = 5DC15BD619FD92010059EE29 /* GameViewController.swift */; };
		5DC15BDA19FD92010059EE29 /* Main.storyboard in Resources */ = {isa = PBXBuildFile; fileRef = 5DC15BD819FD92010059EE29 /* Main.storyboard */; };
		5DC15BDC19FD92020059EE29 /* Images.xcassets in Resources */ = {isa = PBXBuildFile; fileRef = 5DC15BDB19FD92020059EE29 /* Images.xcassets */; };
		5DC15BDF19FD92020059EE29 /* LaunchScreen.xib in Resources */ = {isa = PBXBuildFile; fileRef = 5DC15BDD19FD92020059EE29 /* LaunchScreen.xib */; };
		5DC15BEB19FD92020059EE29 /* SwiftrisTests.swift in Sources */ = {isa = PBXBuildFile; fileRef = 5DC15BEA19FD92020059EE29 /* SwiftrisTests.swift */; };
		5DC15BFA19FD938A0059EE29 /* bomb.mp3 in Resources */ = {isa = PBXBuildFile; fileRef = 5DC15BF519FD938A0059EE29 /* bomb.mp3 */; };
		5DC15BFB19FD938A0059EE29 /* drop.mp3 in Resources */ = {isa = PBXBuildFile; fileRef = 5DC15BF619FD938A0059EE29 /* drop.mp3 */; };
		5DC15BFC19FD938A0059EE29 /* gameover.mp3 in Resources */ = {isa = PBXBuildFile; fileRef = 5DC15BF719FD938A0059EE29 /* gameover.mp3 */; };
		5DC15BFD19FD938A0059EE29 /* levelup.mp3 in Resources */ = {isa = PBXBuildFile; fileRef = 5DC15BF819FD938A0059EE29 /* levelup.mp3 */; };
		5DC15BFE19FD938A0059EE29 /* theme.mp3 in Resources */ = {isa = PBXBuildFile; fileRef = 5DC15BF919FD938A0059EE29 /* theme.mp3 */; };
		5DC15C0019FD93A40059EE29 /* Sprites.atlas in Resources */ = {isa = PBXBuildFile; fileRef = 5DC15BFF19FD93A40059EE29 /* Sprites.atlas */; };
		5DC15C0719FD93CA0059EE29 /* background.png in Resources */ = {isa = PBXBuildFile; fileRef = 5DC15C0119FD93CA0059EE29 /* background.png */; };
		5DC15C0819FD93CA0059EE29 /* background@2x.png in Resources */ = {isa = PBXBuildFile; fileRef = 5DC15C0219FD93CA0059EE29 /* background@2x.png */; };
		5DC15C0919FD93CA0059EE29 /* gameboard.png in Resources */ = {isa = PBXBuildFile; fileRef = 5DC15C0319FD93CA0059EE29 /* gameboard.png */; };
		5DC15C0A19FD93CA0059EE29 /* gameboard@2x.png in Resources */ = {isa = PBXBuildFile; fileRef = 5DC15C0419FD93CA0059EE29 /* gameboard@2x.png */; };
		5DC15C0B19FD93CA0059EE29 /* whitebg.png in Resources */ = {isa = PBXBuildFile; fileRef = 5DC15C0519FD93CA0059EE29 /* whitebg.png */; };
		5DC15C0C19FD93CA0059EE29 /* whitebg@2x.png in Resources */ = {isa = PBXBuildFile; fileRef = 5DC15C0619FD93CA0059EE29 /* whitebg@2x.png */; };
		5DC15C0E19FD9A180059EE29 /* Array2D.swift in Sources */ = {isa = PBXBuildFile; fileRef = 5DC15C0D19FD9A180059EE29 /* Array2D.swift */; };
		5DC15C1019FDA1F50059EE29 /* Block.swift in Sources */ = {isa = PBXBuildFile; fileRef = 5DC15C0F19FDA1F50059EE29 /* Block.swift */; };
		5DC15C1219FDC1320059EE29 /* Shape.swift in Sources */ = {isa = PBXBuildFile; fileRef = 5DC15C1119FDC1320059EE29 /* Shape.swift */; };
/* End PBXBuildFile section */

/* Begin PBXContainerItemProxy section */
		5DC15BE519FD92020059EE29 /* PBXContainerItemProxy */ = {
			isa = PBXContainerItemProxy;
			containerPortal = 5DC15BC319FD92010059EE29 /* Project object */;
			proxyType = 1;
			remoteGlobalIDString = 5DC15BCA19FD92010059EE29;
			remoteInfo = Swiftris;
		};
/* End PBXContainerItemProxy section */

/* Begin PBXFileReference section */
		5D37F5F71A06D51E00152D5B /* SquareShape.swift */ = {isa = PBXFileReference; fileEncoding = 4; lastKnownFileType = sourcecode.swift; path = SquareShape.swift; sourceTree = "<group>"; };
		5D37F5F91A082D6C00152D5B /* TShape.swift */ = {isa = PBXFileReference; fileEncoding = 4; lastKnownFileType = sourcecode.swift; path = TShape.swift; sourceTree = "<group>"; };
		5D37F5FB1A082DCC00152D5B /* LineShape.swift */ = {isa = PBXFileReference; fileEncoding = 4; lastKnownFileType = sourcecode.swift; path = LineShape.swift; sourceTree = "<group>"; };
		5D37F5FD1A082DE800152D5B /* LShape.swift */ = {isa = PBXFileReference; fileEncoding = 4; lastKnownFileType = sourcecode.swift; path = LShape.swift; sourceTree = "<group>"; };
		5D37F5FF1A082DFE00152D5B /* JShape.swift */ = {isa = PBXFileReference; fileEncoding = 4; lastKnownFileType = sourcecode.swift; path = JShape.swift; sourceTree = "<group>"; };
		5D37F6011A082E1300152D5B /* SShape.swift */ = {isa = PBXFileReference; fileEncoding = 4; lastKnownFileType = sourcecode.swift; path = SShape.swift; sourceTree = "<group>"; };
		5D37F6031A082E2500152D5B /* ZShape.swift */ = {isa = PBXFileReference; fileEncoding = 4; lastKnownFileType = sourcecode.swift; path = ZShape.swift; sourceTree = "<group>"; };
		5D37F6051A08318D00152D5B /* Swiftris.swift */ = {isa = PBXFileReference; fileEncoding = 4; lastKnownFileType = sourcecode.swift; path = Swiftris.swift; sourceTree = "<group>"; };
		5DC15BCB19FD92010059EE29 /* Swiftris.app */ = {isa = PBXFileReference; explicitFileType = wrapper.application; includeInIndex = 0; path = Swiftris.app; sourceTree = BUILT_PRODUCTS_DIR; };
		5DC15BCF19FD92010059EE29 /* Info.plist */ = {isa = PBXFileReference; lastKnownFileType = text.plist.xml; path = Info.plist; sourceTree = "<group>"; };
		5DC15BD019FD92010059EE29 /* AppDelegate.swift */ = {isa = PBXFileReference; lastKnownFileType = sourcecode.swift; path = AppDelegate.swift; sourceTree = "<group>"; };
		5DC15BD419FD92010059EE29 /* GameScene.swift */ = {isa = PBXFileReference; lastKnownFileType = sourcecode.swift; path = GameScene.swift; sourceTree = "<group>"; };
		5DC15BD619FD92010059EE29 /* GameViewController.swift */ = {isa = PBXFileReference; lastKnownFileType = sourcecode.swift; path = GameViewController.swift; sourceTree = "<group>"; };
		5DC15BD919FD92010059EE29 /* Base */ = {isa = PBXFileReference; lastKnownFileType = file.storyboard; name = Base; path = Base.lproj/Main.storyboard; sourceTree = "<group>"; };
		5DC15BDB19FD92020059EE29 /* Images.xcassets */ = {isa = PBXFileReference; lastKnownFileType = folder.assetcatalog; path = Images.xcassets; sourceTree = "<group>"; };
		5DC15BDE19FD92020059EE29 /* Base */ = {isa = PBXFileReference; lastKnownFileType = file.xib; name = Base; path = Base.lproj/LaunchScreen.xib; sourceTree = "<group>"; };
		5DC15BE419FD92020059EE29 /* SwiftrisTests.xctest */ = {isa = PBXFileReference; explicitFileType = wrapper.cfbundle; includeInIndex = 0; path = SwiftrisTests.xctest; sourceTree = BUILT_PRODUCTS_DIR; };
		5DC15BE919FD92020059EE29 /* Info.plist */ = {isa = PBXFileReference; lastKnownFileType = text.plist.xml; path = Info.plist; sourceTree = "<group>"; };
		5DC15BEA19FD92020059EE29 /* SwiftrisTests.swift */ = {isa = PBXFileReference; lastKnownFileType = sourcecode.swift; path = SwiftrisTests.swift; sourceTree = "<group>"; };
		5DC15BF519FD938A0059EE29 /* bomb.mp3 */ = {isa = PBXFileReference; lastKnownFileType = audio.mp3; path = bomb.mp3; sourceTree = "<group>"; };
		5DC15BF619FD938A0059EE29 /* drop.mp3 */ = {isa = PBXFileReference; lastKnownFileType = audio.mp3; path = drop.mp3; sourceTree = "<group>"; };
		5DC15BF719FD938A0059EE29 /* gameover.mp3 */ = {isa = PBXFileReference; lastKnownFileType = audio.mp3; path = gameover.mp3; sourceTree = "<group>"; };
		5DC15BF819FD938A0059EE29 /* levelup.mp3 */ = {isa = PBXFileReference; lastKnownFileType = audio.mp3; path = levelup.mp3; sourceTree = "<group>"; };
		5DC15BF919FD938A0059EE29 /* theme.mp3 */ = {isa = PBXFileReference; lastKnownFileType = audio.mp3; path = theme.mp3; sourceTree = "<group>"; };
		5DC15BFF19FD93A40059EE29 /* Sprites.atlas */ = {isa = PBXFileReference; lastKnownFileType = folder.skatlas; path = Sprites.atlas; sourceTree = "<group>"; };
		5DC15C0119FD93CA0059EE29 /* background.png */ = {isa = PBXFileReference; lastKnownFileType = image.png; path = background.png; sourceTree = "<group>"; };
		5DC15C0219FD93CA0059EE29 /* background@2x.png */ = {isa = PBXFileReference; lastKnownFileType = image.png; path = "background@2x.png"; sourceTree = "<group>"; };
		5DC15C0319FD93CA0059EE29 /* gameboard.png */ = {isa = PBXFileReference; lastKnownFileType = image.png; path = gameboard.png; sourceTree = "<group>"; };
		5DC15C0419FD93CA0059EE29 /* gameboard@2x.png */ = {isa = PBXFileReference; lastKnownFileType = image.png; path = "gameboard@2x.png"; sourceTree = "<group>"; };
		5DC15C0519FD93CA0059EE29 /* whitebg.png */ = {isa = PBXFileReference; lastKnownFileType = image.png; path = whitebg.png; sourceTree = "<group>"; };
		5DC15C0619FD93CA0059EE29 /* whitebg@2x.png */ = {isa = PBXFileReference; lastKnownFileType = image.png; path = "whitebg@2x.png"; sourceTree = "<group>"; };
		5DC15C0D19FD9A180059EE29 /* Array2D.swift */ = {isa = PBXFileReference; fileEncoding = 4; lastKnownFileType = sourcecode.swift; path = Array2D.swift; sourceTree = "<group>"; };
		5DC15C0F19FDA1F50059EE29 /* Block.swift */ = {isa = PBXFileReference; fileEncoding = 4; lastKnownFileType = sourcecode.swift; path = Block.swift; sourceTree = "<group>"; };
		5DC15C1119FDC1320059EE29 /* Shape.swift */ = {isa = PBXFileReference; fileEncoding = 4; lastKnownFileType = sourcecode.swift; path = Shape.swift; sourceTree = "<group>"; };
/* End PBXFileReference section */

/* Begin PBXFrameworksBuildPhase section */
		5DC15BC819FD92010059EE29 /* Frameworks */ = {
			isa = PBXFrameworksBuildPhase;
			buildActionMask = 2147483647;
			files = (
			);
			runOnlyForDeploymentPostprocessing = 0;
		};
		5DC15BE119FD92020059EE29 /* Frameworks */ = {
			isa = PBXFrameworksBuildPhase;
			buildActionMask = 2147483647;
			files = (
			);
			runOnlyForDeploymentPostprocessing = 0;
		};
/* End PBXFrameworksBuildPhase section */

/* Begin PBXGroup section */
		5DC15BC219FD92010059EE29 = {
			isa = PBXGroup;
			children = (
				5DC15BCD19FD92010059EE29 /* Swiftris */,
				5DC15BE719FD92020059EE29 /* SwiftrisTests */,
				5DC15BCC19FD92010059EE29 /* Products */,
			);
			sourceTree = "<group>";
		};
		5DC15BCC19FD92010059EE29 /* Products */ = {
			isa = PBXGroup;
			children = (
				5DC15BCB19FD92010059EE29 /* Swiftris.app */,
				5DC15BE419FD92020059EE29 /* SwiftrisTests.xctest */,
			);
			name = Products;
			sourceTree = "<group>";
		};
		5DC15BCD19FD92010059EE29 /* Swiftris */ = {
			isa = PBXGroup;
			children = (
				5DC15BD019FD92010059EE29 /* AppDelegate.swift */,
				5DC15BD419FD92010059EE29 /* GameScene.swift */,
				5DC15C0F19FDA1F50059EE29 /* Block.swift */,
				5DC15C1119FDC1320059EE29 /* Shape.swift */,
				5D37F6051A08318D00152D5B /* Swiftris.swift */,
				5D37F5F71A06D51E00152D5B /* SquareShape.swift */,
				5D37F5F91A082D6C00152D5B /* TShape.swift */,
				5D37F5FB1A082DCC00152D5B /* LineShape.swift */,
				5D37F5FD1A082DE800152D5B /* LShape.swift */,
				5D37F5FF1A082DFE00152D5B /* JShape.swift */,
				5D37F6011A082E1300152D5B /* SShape.swift */,
				5D37F6031A082E2500152D5B /* ZShape.swift */,
				5DC15BD619FD92010059EE29 /* GameViewController.swift */,
				5DC15C0D19FD9A180059EE29 /* Array2D.swift */,
				5DC15BD819FD92010059EE29 /* Main.storyboard */,
				5DC15BDB19FD92020059EE29 /* Images.xcassets */,
				5DC15BDD19FD92020059EE29 /* LaunchScreen.xib */,
				5DC15BFF19FD93A40059EE29 /* Sprites.atlas */,
				5DC15BF419FD938A0059EE29 /* Sounds */,
				5DC15BCE19FD92010059EE29 /* Supporting Files */,
			);
			path = Swiftris;
			sourceTree = "<group>";
		};
		5DC15BCE19FD92010059EE29 /* Supporting Files */ = {
			isa = PBXGroup;
			children = (
				5DC15C0119FD93CA0059EE29 /* background.png */,
				5DC15C0219FD93CA0059EE29 /* background@2x.png */,
				5DC15C0319FD93CA0059EE29 /* gameboard.png */,
				5DC15C0419FD93CA0059EE29 /* gameboard@2x.png */,
				5DC15C0519FD93CA0059EE29 /* whitebg.png */,
				5DC15C0619FD93CA0059EE29 /* whitebg@2x.png */,
				5DC15BCF19FD92010059EE29 /* Info.plist */,
			);
			name = "Supporting Files";
			sourceTree = "<group>";
		};
		5DC15BE719FD92020059EE29 /* SwiftrisTests */ = {
			isa = PBXGroup;
			children = (
				5DC15BEA19FD92020059EE29 /* SwiftrisTests.swift */,
				5DC15BE819FD92020059EE29 /* Supporting Files */,
			);
			path = SwiftrisTests;
			sourceTree = "<group>";
		};
		5DC15BE819FD92020059EE29 /* Supporting Files */ = {
			isa = PBXGroup;
			children = (
				5DC15BE919FD92020059EE29 /* Info.plist */,
			);
			name = "Supporting Files";
			sourceTree = "<group>";
		};
		5DC15BF419FD938A0059EE29 /* Sounds */ = {
			isa = PBXGroup;
			children = (
				5DC15BF519FD938A0059EE29 /* bomb.mp3 */,
				5DC15BF619FD938A0059EE29 /* drop.mp3 */,
				5DC15BF719FD938A0059EE29 /* gameover.mp3 */,
				5DC15BF819FD938A0059EE29 /* levelup.mp3 */,
				5DC15BF919FD938A0059EE29 /* theme.mp3 */,
			);
			path = Sounds;
			sourceTree = "<group>";
		};
/* End PBXGroup section */

/* Begin PBXNativeTarget section */
		5DC15BCA19FD92010059EE29 /* Swiftris */ = {
			isa = PBXNativeTarget;
			buildConfigurationList = 5DC15BEE19FD92020059EE29 /* Build configuration list for PBXNativeTarget "Swiftris" */;
			buildPhases = (
				5DC15BC719FD92010059EE29 /* Sources */,
				5DC15BC819FD92010059EE29 /* Frameworks */,
				5DC15BC919FD92010059EE29 /* Resources */,
			);
			buildRules = (
			);
			dependencies = (
			);
			name = Swiftris;
			productName = Swiftris;
			productReference = 5DC15BCB19FD92010059EE29 /* Swiftris.app */;
			productType = "com.apple.product-type.application";
		};
		5DC15BE319FD92020059EE29 /* SwiftrisTests */ = {
			isa = PBXNativeTarget;
			buildConfigurationList = 5DC15BF119FD92020059EE29 /* Build configuration list for PBXNativeTarget "SwiftrisTests" */;
			buildPhases = (
				5DC15BE019FD92020059EE29 /* Sources */,
				5DC15BE119FD92020059EE29 /* Frameworks */,
				5DC15BE219FD92020059EE29 /* Resources */,
			);
			buildRules = (
			);
			dependencies = (
				5DC15BE619FD92020059EE29 /* PBXTargetDependency */,
			);
			name = SwiftrisTests;
			productName = SwiftrisTests;
			productReference = 5DC15BE419FD92020059EE29 /* SwiftrisTests.xctest */;
			productType = "com.apple.product-type.bundle.unit-test";
		};
/* End PBXNativeTarget section */

/* Begin PBXProject section */
		5DC15BC319FD92010059EE29 /* Project object */ = {
			isa = PBXProject;
			attributes = {
				LastUpgradeCheck = 0610;
				ORGANIZATIONNAME = "Joel Rorseth";
				TargetAttributes = {
					5DC15BCA19FD92010059EE29 = {
						CreatedOnToolsVersion = 6.1;
					};
					5DC15BE319FD92020059EE29 = {
						CreatedOnToolsVersion = 6.1;
						TestTargetID = 5DC15BCA19FD92010059EE29;
					};
				};
			};
			buildConfigurationList = 5DC15BC619FD92010059EE29 /* Build configuration list for PBXProject "Swiftris" */;
			compatibilityVersion = "Xcode 3.2";
			developmentRegion = English;
			hasScannedForEncodings = 0;
			knownRegions = (
				en,
				Base,
			);
			mainGroup = 5DC15BC219FD92010059EE29;
			productRefGroup = 5DC15BCC19FD92010059EE29 /* Products */;
			projectDirPath = "";
			projectRoot = "";
			targets = (
				5DC15BCA19FD92010059EE29 /* Swiftris */,
				5DC15BE319FD92020059EE29 /* SwiftrisTests */,
			);
		};
/* End PBXProject section */

/* Begin PBXResourcesBuildPhase section */
		5DC15BC919FD92010059EE29 /* Resources */ = {
			isa = PBXResourcesBuildPhase;
			buildActionMask = 2147483647;
			files = (
				5DC15BDF19FD92020059EE29 /* LaunchScreen.xib in Resources */,
				5DC15C0819FD93CA0059EE29 /* background@2x.png in Resources */,
				5DC15C0B19FD93CA0059EE29 /* whitebg.png in Resources */,
				5DC15C0A19FD93CA0059EE29 /* gameboard@2x.png in Resources */,
				5DC15C0919FD93CA0059EE29 /* gameboard.png in Resources */,
				5DC15C0719FD93CA0059EE29 /* background.png in Resources */,
				5DC15BFB19FD938A0059EE29 /* drop.mp3 in Resources */,
				5DC15C0C19FD93CA0059EE29 /* whitebg@2x.png in Resources */,
				5DC15BFE19FD938A0059EE29 /* theme.mp3 in Resources */,
				5DC15BFC19FD938A0059EE29 /* gameover.mp3 in Resources */,
				5DC15BDC19FD92020059EE29 /* Images.xcassets in Resources */,
				5DC15BFD19FD938A0059EE29 /* levelup.mp3 in Resources */,
				5DC15C0019FD93A40059EE29 /* Sprites.atlas in Resources */,
				5DC15BFA19FD938A0059EE29 /* bomb.mp3 in Resources */,
				5DC15BDA19FD92010059EE29 /* Main.storyboard in Resources */,
			);
			runOnlyForDeploymentPostprocessing = 0;
		};
		5DC15BE219FD92020059EE29 /* Resources */ = {
			isa = PBXResourcesBuildPhase;
			buildActionMask = 2147483647;
			files = (
			);
			runOnlyForDeploymentPostprocessing = 0;
		};
/* End PBXResourcesBuildPhase section */

/* Begin PBXSourcesBuildPhase section */
		5DC15BC719FD92010059EE29 /* Sources */ = {
			isa = PBXSourcesBuildPhase;
			buildActionMask = 2147483647;
			files = (
				5D37F5FE1A082DE800152D5B /* LShape.swift in Sources */,
				5D37F5F81A06D51E00152D5B /* SquareShape.swift in Sources */,
				5DC15BD519FD92010059EE29 /* GameScene.swift in Sources */,
				5D37F6001A082DFE00152D5B /* JShape.swift in Sources */,
				5D37F6061A08318D00152D5B /* Swiftris.swift in Sources */,
				5DC15C1219FDC1320059EE29 /* Shape.swift in Sources */,
				5DC15C0E19FD9A180059EE29 /* Array2D.swift in Sources */,
				5D37F5FC1A082DCC00152D5B /* LineShape.swift in Sources */,
				5D37F6021A082E1300152D5B /* SShape.swift in Sources */,
				5D37F5FA1A082D6C00152D5B /* TShape.swift in Sources */,
				5DC15C1019FDA1F50059EE29 /* Block.swift in Sources */,
				5DC15BD719FD92010059EE29 /* GameViewController.swift in Sources */,
				5D37F6041A082E2500152D5B /* ZShape.swift in Sources */,
				5DC15BD119FD92010059EE29 /* AppDelegate.swift in Sources */,
			);
			runOnlyForDeploymentPostprocessing = 0;
		};
		5DC15BE019FD92020059EE29 /* Sources */ = {
			isa = PBXSourcesBuildPhase;
			buildActionMask = 2147483647;
			files = (
				5DC15BEB19FD92020059EE29 /* SwiftrisTests.swift in Sources */,
			);
			runOnlyForDeploymentPostprocessing = 0;
		};
/* End PBXSourcesBuildPhase section */

/* Begin PBXTargetDependency section */
		5DC15BE619FD92020059EE29 /* PBXTargetDependency */ = {
			isa = PBXTargetDependency;
			target = 5DC15BCA19FD92010059EE29 /* Swiftris */;
			targetProxy = 5DC15BE519FD92020059EE29 /* PBXContainerItemProxy */;
		};
/* End PBXTargetDependency section */

/* Begin PBXVariantGroup section */
		5DC15BD819FD92010059EE29 /* Main.storyboard */ = {
			isa = PBXVariantGroup;
			children = (
				5DC15BD919FD92010059EE29 /* Base */,
			);
			name = Main.storyboard;
			sourceTree = "<group>";
		};
		5DC15BDD19FD92020059EE29 /* LaunchScreen.xib */ = {
			isa = PBXVariantGroup;
			children = (
				5DC15BDE19FD92020059EE29 /* Base */,
			);
			name = LaunchScreen.xib;
			sourceTree = "<group>";
		};
/* End PBXVariantGroup section */

/* Begin XCBuildConfiguration section */
		5DC15BEC19FD92020059EE29 /* Debug */ = {
			isa = XCBuildConfiguration;
			buildSettings = {
				ALWAYS_SEARCH_USER_PATHS = NO;
				CLANG_CXX_LANGUAGE_STANDARD = "gnu++0x";
				CLANG_CXX_LIBRARY = "libc++";
				CLANG_ENABLE_MODULES = YES;
				CLANG_ENABLE_OBJC_ARC = YES;
				CLANG_WARN_BOOL_CONVERSION = YES;
				CLANG_WARN_CONSTANT_CONVERSION = YES;
				CLANG_WARN_DIRECT_OBJC_ISA_USAGE = YES_ERROR;
				CLANG_WARN_EMPTY_BODY = YES;
				CLANG_WARN_ENUM_CONVERSION = YES;
				CLANG_WARN_INT_CONVERSION = YES;
				CLANG_WARN_OBJC_ROOT_CLASS = YES_ERROR;
				CLANG_WARN_UNREACHABLE_CODE = YES;
				CLANG_WARN__DUPLICATE_METHOD_MATCH = YES;
				"CODE_SIGN_IDENTITY[sdk=iphoneos*]" = "iPhone Developer";
				COPY_PHASE_STRIP = NO;
				ENABLE_STRICT_OBJC_MSGSEND = YES;
				GCC_C_LANGUAGE_STANDARD = gnu99;
				GCC_DYNAMIC_NO_PIC = NO;
				GCC_OPTIMIZATION_LEVEL = 0;
				GCC_PREPROCESSOR_DEFINITIONS = (
					"DEBUG=1",
					"$(inherited)",
				);
				GCC_SYMBOLS_PRIVATE_EXTERN = NO;
				GCC_WARN_64_TO_32_BIT_CONVERSION = YES;
				GCC_WARN_ABOUT_RETURN_TYPE = YES_ERROR;
				GCC_WARN_UNDECLARED_SELECTOR = YES;
				GCC_WARN_UNINITIALIZED_AUTOS = YES_AGGRESSIVE;
				GCC_WARN_UNUSED_FUNCTION = YES;
				GCC_WARN_UNUSED_VARIABLE = YES;
				IPHONEOS_DEPLOYMENT_TARGET = 8.1;
				MTL_ENABLE_DEBUG_INFO = YES;
				ONLY_ACTIVE_ARCH = YES;
				SDKROOT = iphoneos;
				SWIFT_OPTIMIZATION_LEVEL = "-Onone";
			};
			name = Debug;
		};
		5DC15BED19FD92020059EE29 /* Release */ = {
			isa = XCBuildConfiguration;
			buildSettings = {
				ALWAYS_SEARCH_USER_PATHS = NO;
				CLANG_CXX_LANGUAGE_STANDARD = "gnu++0x";
				CLANG_CXX_LIBRARY = "libc++";
				CLANG_ENABLE_MODULES = YES;
				CLANG_ENABLE_OBJC_ARC = YES;
				CLANG_WARN_BOOL_CONVERSION = YES;
				CLANG_WARN_CONSTANT_CONVERSION = YES;
				CLANG_WARN_DIRECT_OBJC_ISA_USAGE = YES_ERROR;
				CLANG_WARN_EMPTY_BODY = YES;
				CLANG_WARN_ENUM_CONVERSION = YES;
				CLANG_WARN_INT_CONVERSION = YES;
				CLANG_WARN_OBJC_ROOT_CLASS = YES_ERROR;
				CLANG_WARN_UNREACHABLE_CODE = YES;
				CLANG_WARN__DUPLICATE_METHOD_MATCH = YES;
				"CODE_SIGN_IDENTITY[sdk=iphoneos*]" = "iPhone Developer";
				COPY_PHASE_STRIP = YES;
				ENABLE_NS_ASSERTIONS = NO;
				ENABLE_STRICT_OBJC_MSGSEND = YES;
				GCC_C_LANGUAGE_STANDARD = gnu99;
				GCC_WARN_64_TO_32_BIT_CONVERSION = YES;
				GCC_WARN_ABOUT_RETURN_TYPE = YES_ERROR;
				GCC_WARN_UNDECLARED_SELECTOR = YES;
				GCC_WARN_UNINITIALIZED_AUTOS = YES_AGGRESSIVE;
				GCC_WARN_UNUSED_FUNCTION = YES;
				GCC_WARN_UNUSED_VARIABLE = YES;
				IPHONEOS_DEPLOYMENT_TARGET = 8.1;
				MTL_ENABLE_DEBUG_INFO = NO;
				SDKROOT = iphoneos;
				VALIDATE_PRODUCT = YES;
			};
			name = Release;
		};
		5DC15BEF19FD92020059EE29 /* Debug */ = {
			isa = XCBuildConfiguration;
			buildSettings = {
				ASSETCATALOG_COMPILER_APPICON_NAME = AppIcon;
				INFOPLIST_FILE = Swiftris/Info.plist;
				LD_RUNPATH_SEARCH_PATHS = "$(inherited) @executable_path/Frameworks";
				PRODUCT_NAME = "$(TARGET_NAME)";
			};
			name = Debug;
		};
		5DC15BF019FD92020059EE29 /* Release */ = {
			isa = XCBuildConfiguration;
			buildSettings = {
				ASSETCATALOG_COMPILER_APPICON_NAME = AppIcon;
				INFOPLIST_FILE = Swiftris/Info.plist;
				LD_RUNPATH_SEARCH_PATHS = "$(inherited) @executable_path/Frameworks";
				PRODUCT_NAME = "$(TARGET_NAME)";
			};
			name = Release;
		};
		5DC15BF219FD92020059EE29 /* Debug */ = {
			isa = XCBuildConfiguration;
			buildSettings = {
				BUNDLE_LOADER = "$(TEST_HOST)";
				FRAMEWORK_SEARCH_PATHS = (
					"$(SDKROOT)/Developer/Library/Frameworks",
					"$(inherited)",
				);
				GCC_PREPROCESSOR_DEFINITIONS = (
					"DEBUG=1",
					"$(inherited)",
				);
				INFOPLIST_FILE = SwiftrisTests/Info.plist;
				LD_RUNPATH_SEARCH_PATHS = "$(inherited) @executable_path/Frameworks @loader_path/Frameworks";
				PRODUCT_NAME = "$(TARGET_NAME)";
				TEST_HOST = "$(BUILT_PRODUCTS_DIR)/Swiftris.app/Swiftris";
			};
			name = Debug;
		};
		5DC15BF319FD92020059EE29 /* Release */ = {
			isa = XCBuildConfiguration;
			buildSettings = {
				BUNDLE_LOADER = "$(TEST_HOST)";
				FRAMEWORK_SEARCH_PATHS = (
					"$(SDKROOT)/Developer/Library/Frameworks",
					"$(inherited)",
				);
				INFOPLIST_FILE = SwiftrisTests/Info.plist;
				LD_RUNPATH_SEARCH_PATHS = "$(inherited) @executable_path/Frameworks @loader_path/Frameworks";
				PRODUCT_NAME = "$(TARGET_NAME)";
				TEST_HOST = "$(BUILT_PRODUCTS_DIR)/Swiftris.app/Swiftris";
			};
			name = Release;
		};
/* End XCBuildConfiguration section */

/* Begin XCConfigurationList section */
		5DC15BC619FD92010059EE29 /* Build configuration list for PBXProject "Swiftris" */ = {
			isa = XCConfigurationList;
			buildConfigurations = (
				5DC15BEC19FD92020059EE29 /* Debug */,
				5DC15BED19FD92020059EE29 /* Release */,
			);
			defaultConfigurationIsVisible = 0;
			defaultConfigurationName = Release;
		};
		5DC15BEE19FD92020059EE29 /* Build configuration list for PBXNativeTarget "Swiftris" */ = {
			isa = XCConfigurationList;
			buildConfigurations = (
				5DC15BEF19FD92020059EE29 /* Debug */,
				5DC15BF019FD92020059EE29 /* Release */,
			);
			defaultConfigurationIsVisible = 0;
			defaultConfigurationName = Release;
		};
		5DC15BF119FD92020059EE29 /* Build configuration list for PBXNativeTarget "SwiftrisTests" */ = {
			isa = XCConfigurationList;
			buildConfigurations = (
				5DC15BF219FD92020059EE29 /* Debug */,
				5DC15BF319FD92020059EE29 /* Release */,
			);
			defaultConfigurationIsVisible = 0;
			defaultConfigurationName = Release;
		};
/* End XCConfigurationList section */
	};
	rootObject = 5DC15BC319FD92010059EE29 /* Project object */;
}
